// !$*UTF8*$!
{
	archiveVersion = 1;
	classes = {
	};
	objectVersion = 55;
	objects = {

/* Begin PBXBuildFile section */
		6750A21B6B05C87D0382B8DE /* Pods_card_mawarid_iOS.framework in Frameworks */ = {isa = PBXBuildFile; fileRef = 34A3D31041182ADA411F183A /* Pods_card_mawarid_iOS.framework */; };
		E866FB5E2901DB2800C14E36 /* SDKSettings.swift in Sources */ = {isa = PBXBuildFile; fileRef = E866FB5D2901DB2800C14E36 /* SDKSettings.swift */; };
		E8E9EF8F28F5413300B456A0 /* card_mawarid_iOS.docc in Sources */ = {isa = PBXBuildFile; fileRef = E8E9EF8E28F5413300B456A0 /* card_mawarid_iOS.docc */; };
		E8E9EF9028F5413300B456A0 /* card_mawarid_iOS.h in Headers */ = {isa = PBXBuildFile; fileRef = E8E9EF8D28F5413300B456A0 /* card_mawarid_iOS.h */; settings = {ATTRIBUTES = (Public, ); }; };
		E8E9EF9B28F5419200B456A0 /* MawaridCardView.swift in Sources */ = {isa = PBXBuildFile; fileRef = E8E9EF9A28F5419100B456A0 /* MawaridCardView.swift */; };
		E8E9EF9D28F5419D00B456A0 /* MawaridCardView.xib in Resources */ = {isa = PBXBuildFile; fileRef = E8E9EF9C28F5419D00B456A0 /* MawaridCardView.xib */; };
		E8E9EFA828F549B600B456A0 /* AppDelegate.swift in Sources */ = {isa = PBXBuildFile; fileRef = E8E9EFA728F549B600B456A0 /* AppDelegate.swift */; };
		E8E9EFAA28F549B600B456A0 /* SceneDelegate.swift in Sources */ = {isa = PBXBuildFile; fileRef = E8E9EFA928F549B600B456A0 /* SceneDelegate.swift */; };
		E8E9EFAC28F549B600B456A0 /* ViewController.swift in Sources */ = {isa = PBXBuildFile; fileRef = E8E9EFAB28F549B600B456A0 /* ViewController.swift */; };
		E8E9EFAF28F549B600B456A0 /* Main.storyboard in Resources */ = {isa = PBXBuildFile; fileRef = E8E9EFAD28F549B600B456A0 /* Main.storyboard */; };
		E8E9EFB128F549B800B456A0 /* Assets.xcassets in Resources */ = {isa = PBXBuildFile; fileRef = E8E9EFB028F549B800B456A0 /* Assets.xcassets */; };
		E8E9EFB428F549B800B456A0 /* LaunchScreen.storyboard in Resources */ = {isa = PBXBuildFile; fileRef = E8E9EFB228F549B800B456A0 /* LaunchScreen.storyboard */; };
		E8E9EFBA28F54A7B00B456A0 /* card_mawarid_iOS.framework in Frameworks */ = {isa = PBXBuildFile; fileRef = E8E9EF8A28F5413300B456A0 /* card_mawarid_iOS.framework */; platformFilter = ios; };
		E8E9EFBB28F54A7B00B456A0 /* card_mawarid_iOS.framework in Embed Frameworks */ = {isa = PBXBuildFile; fileRef = E8E9EF8A28F5413300B456A0 /* card_mawarid_iOS.framework */; settings = {ATTRIBUTES = (CodeSignOnCopy, RemoveHeadersOnCopy, ); }; };
		E8E9EFC028F54B0E00B456A0 /* Extensions.swift in Sources */ = {isa = PBXBuildFile; fileRef = E8E9EFBF28F54B0E00B456A0 /* Extensions.swift */; };
		E8E9EFC228F550AF00B456A0 /* lightTheme.json in Resources */ = {isa = PBXBuildFile; fileRef = E8E9EFC128F54ECA00B456A0 /* lightTheme.json */; };
		E8E9EFD228F5556500B456A0 /* cardlocalisation.json in Resources */ = {isa = PBXBuildFile; fileRef = E8E9EFD128F5556500B456A0 /* cardlocalisation.json */; };
		E8E9EFD628F557D000B456A0 /* darkTheme.json in Resources */ = {isa = PBXBuildFile; fileRef = E8E9EFD528F557D000B456A0 /* darkTheme.json */; };
		E8E9EFE528F69ACB00B456A0 /* NetworkManager.swift in Sources */ = {isa = PBXBuildFile; fileRef = E8E9EFDB28F69ACA00B456A0 /* NetworkManager.swift */; };
		E8E9EFE628F69ACB00B456A0 /* TapCardDataConfiguration.swift in Sources */ = {isa = PBXBuildFile; fileRef = E8E9EFDD28F69ACA00B456A0 /* TapCardDataConfiguration.swift */; };
		E8E9EFE728F69ACB00B456A0 /* TapCardForumLocalisation.swift in Sources */ = {isa = PBXBuildFile; fileRef = E8E9EFDE28F69ACA00B456A0 /* TapCardForumLocalisation.swift */; };
		E8E9EFE828F69ACB00B456A0 /* CardFieldsValidity.swift in Sources */ = {isa = PBXBuildFile; fileRef = E8E9EFDF28F69ACA00B456A0 /* CardFieldsValidity.swift */; };
		E8E9EFE928F69ACB00B456A0 /* TapCardForumTheme.swift in Sources */ = {isa = PBXBuildFile; fileRef = E8E9EFE028F69ACA00B456A0 /* TapCardForumTheme.swift */; };
		E8E9EFEA28F69ACB00B456A0 /* NetworkManager+HandlingResponses.swift in Sources */ = {isa = PBXBuildFile; fileRef = E8E9EFE228F69ACA00B456A0 /* NetworkManager+HandlingResponses.swift */; };
		E8E9EFEB28F69ACB00B456A0 /* NetworkManagerApiCallsExtension.swift in Sources */ = {isa = PBXBuildFile; fileRef = E8E9EFE328F69ACA00B456A0 /* NetworkManagerApiCallsExtension.swift */; };
		E8E9EFEC28F69ACB00B456A0 /* TapCallsResponseGenerator.swift in Sources */ = {isa = PBXBuildFile; fileRef = E8E9EFE428F69ACA00B456A0 /* TapCallsResponseGenerator.swift */; };
		E8E9EFEF28F69B1D00B456A0 /* NetworkManagerExtension.swift in Sources */ = {isa = PBXBuildFile; fileRef = E8E9EFED28F69B1D00B456A0 /* NetworkManagerExtension.swift */; };
		E8E9EFF028F69B1D00B456A0 /* TapCheckout+WebPaymentHandler.swift in Sources */ = {isa = PBXBuildFile; fileRef = E8E9EFEE28F69B1D00B456A0 /* TapCheckout+WebPaymentHandler.swift */; };
		E8E9EFF328F69C8100B456A0 /* TapCardForumConfiguration.swift in Sources */ = {isa = PBXBuildFile; fileRef = E8E9EFF228F69C8100B456A0 /* TapCardForumConfiguration.swift */; };
		E8E9EFF528F69E1700B456A0 /* CardKitConfigurationViewController.swift in Sources */ = {isa = PBXBuildFile; fileRef = E8E9EFF428F69E1700B456A0 /* CardKitConfigurationViewController.swift */; };
		E8E9EFF828F6AB2F00B456A0 /* CardForm+TextFieldsValidations.swift in Sources */ = {isa = PBXBuildFile; fileRef = E8E9EFF728F6AB2F00B456A0 /* CardForm+TextFieldsValidations.swift */; };
		E8E9EFFB28F6C46900B456A0 /* CardKitValidationStatusEnum.swift in Sources */ = {isa = PBXBuildFile; fileRef = E8E9EFFA28F6C46900B456A0 /* CardKitValidationStatusEnum.swift */; };
		E8E9EFFD28F6C5BB00B456A0 /* CardForm+Protocol.swift in Sources */ = {isa = PBXBuildFile; fileRef = E8E9EFFC28F6C5BB00B456A0 /* CardForm+Protocol.swift */; };
		E8E9EFFF28F6CABD00B456A0 /* CardForm+Interfaces.swift in Sources */ = {isa = PBXBuildFile; fileRef = E8E9EFFE28F6CABD00B456A0 /* CardForm+Interfaces.swift */; };
		E8ECE19D28FFFD1A00B9B9C3 /* BottomSheet in Frameworks */ = {isa = PBXBuildFile; productRef = E8ECE19C28FFFD1A00B9B9C3 /* BottomSheet */; };
		FCC7A63D906FE55991C00D35 /* Pods_MawaridCardExample.framework in Frameworks */ = {isa = PBXBuildFile; fileRef = 50FB9C34B423A9DB6AA8B888 /* Pods_MawaridCardExample.framework */; };
/* End PBXBuildFile section */

/* Begin PBXContainerItemProxy section */
		E8E9EFBC28F54A7B00B456A0 /* PBXContainerItemProxy */ = {
			isa = PBXContainerItemProxy;
			containerPortal = E8E9EF8128F5413300B456A0 /* Project object */;
			proxyType = 1;
			remoteGlobalIDString = E8E9EF8928F5413300B456A0;
			remoteInfo = "card-mawarid-iOS";
		};
/* End PBXContainerItemProxy section */

/* Begin PBXCopyFilesBuildPhase section */
		E8E9EFBE28F54A7C00B456A0 /* Embed Frameworks */ = {
			isa = PBXCopyFilesBuildPhase;
			buildActionMask = 2147483647;
			dstPath = "";
			dstSubfolderSpec = 10;
			files = (
				E8E9EFBB28F54A7B00B456A0 /* card_mawarid_iOS.framework in Embed Frameworks */,
			);
			name = "Embed Frameworks";
			runOnlyForDeploymentPostprocessing = 0;
		};
/* End PBXCopyFilesBuildPhase section */

/* Begin PBXFileReference section */
		0866F76825B9B4FB7AD943BD /* Pods-card-mawarid-iOS.release.xcconfig */ = {isa = PBXFileReference; includeInIndex = 1; lastKnownFileType = text.xcconfig; name = "Pods-card-mawarid-iOS.release.xcconfig"; path = "Target Support Files/Pods-card-mawarid-iOS/Pods-card-mawarid-iOS.release.xcconfig"; sourceTree = "<group>"; };
		2165346E83CB4F9D6E3C4CED /* Pods-card-mawarid-iOS.debug.xcconfig */ = {isa = PBXFileReference; includeInIndex = 1; lastKnownFileType = text.xcconfig; name = "Pods-card-mawarid-iOS.debug.xcconfig"; path = "Target Support Files/Pods-card-mawarid-iOS/Pods-card-mawarid-iOS.debug.xcconfig"; sourceTree = "<group>"; };
		34A3D31041182ADA411F183A /* Pods_card_mawarid_iOS.framework */ = {isa = PBXFileReference; explicitFileType = wrapper.framework; includeInIndex = 0; path = Pods_card_mawarid_iOS.framework; sourceTree = BUILT_PRODUCTS_DIR; };
		4A5F80ECC1F5C9C708237BA5 /* Pods-MawaridCardExample.release.xcconfig */ = {isa = PBXFileReference; includeInIndex = 1; lastKnownFileType = text.xcconfig; name = "Pods-MawaridCardExample.release.xcconfig"; path = "Target Support Files/Pods-MawaridCardExample/Pods-MawaridCardExample.release.xcconfig"; sourceTree = "<group>"; };
		50FB9C34B423A9DB6AA8B888 /* Pods_MawaridCardExample.framework */ = {isa = PBXFileReference; explicitFileType = wrapper.framework; includeInIndex = 0; path = Pods_MawaridCardExample.framework; sourceTree = BUILT_PRODUCTS_DIR; };
		CC95800BC35FD603892299E6 /* Pods-MawaridCardExample.debug.xcconfig */ = {isa = PBXFileReference; includeInIndex = 1; lastKnownFileType = text.xcconfig; name = "Pods-MawaridCardExample.debug.xcconfig"; path = "Target Support Files/Pods-MawaridCardExample/Pods-MawaridCardExample.debug.xcconfig"; sourceTree = "<group>"; };
		E866FB5D2901DB2800C14E36 /* SDKSettings.swift */ = {isa = PBXFileReference; lastKnownFileType = sourcecode.swift; path = SDKSettings.swift; sourceTree = "<group>"; };
		E8E9EF8A28F5413300B456A0 /* card_mawarid_iOS.framework */ = {isa = PBXFileReference; explicitFileType = wrapper.framework; includeInIndex = 0; path = card_mawarid_iOS.framework; sourceTree = BUILT_PRODUCTS_DIR; };
		E8E9EF8D28F5413300B456A0 /* card_mawarid_iOS.h */ = {isa = PBXFileReference; lastKnownFileType = sourcecode.c.h; path = card_mawarid_iOS.h; sourceTree = "<group>"; };
		E8E9EF8E28F5413300B456A0 /* card_mawarid_iOS.docc */ = {isa = PBXFileReference; lastKnownFileType = folder.documentationcatalog; path = card_mawarid_iOS.docc; sourceTree = "<group>"; };
		E8E9EF9A28F5419100B456A0 /* MawaridCardView.swift */ = {isa = PBXFileReference; lastKnownFileType = sourcecode.swift; path = MawaridCardView.swift; sourceTree = "<group>"; };
		E8E9EF9C28F5419D00B456A0 /* MawaridCardView.xib */ = {isa = PBXFileReference; lastKnownFileType = file.xib; path = MawaridCardView.xib; sourceTree = "<group>"; };
		E8E9EFA528F549B600B456A0 /* MawaridCardExample.app */ = {isa = PBXFileReference; explicitFileType = wrapper.application; includeInIndex = 0; path = MawaridCardExample.app; sourceTree = BUILT_PRODUCTS_DIR; };
		E8E9EFA728F549B600B456A0 /* AppDelegate.swift */ = {isa = PBXFileReference; lastKnownFileType = sourcecode.swift; path = AppDelegate.swift; sourceTree = "<group>"; };
		E8E9EFA928F549B600B456A0 /* SceneDelegate.swift */ = {isa = PBXFileReference; lastKnownFileType = sourcecode.swift; path = SceneDelegate.swift; sourceTree = "<group>"; };
		E8E9EFAB28F549B600B456A0 /* ViewController.swift */ = {isa = PBXFileReference; lastKnownFileType = sourcecode.swift; path = ViewController.swift; sourceTree = "<group>"; };
		E8E9EFAE28F549B600B456A0 /* Base */ = {isa = PBXFileReference; lastKnownFileType = file.storyboard; name = Base; path = Base.lproj/Main.storyboard; sourceTree = "<group>"; };
		E8E9EFB028F549B800B456A0 /* Assets.xcassets */ = {isa = PBXFileReference; lastKnownFileType = folder.assetcatalog; path = Assets.xcassets; sourceTree = "<group>"; };
		E8E9EFB328F549B800B456A0 /* Base */ = {isa = PBXFileReference; lastKnownFileType = file.storyboard; name = Base; path = Base.lproj/LaunchScreen.storyboard; sourceTree = "<group>"; };
		E8E9EFB528F549B800B456A0 /* Info.plist */ = {isa = PBXFileReference; lastKnownFileType = text.plist.xml; path = Info.plist; sourceTree = "<group>"; };
		E8E9EFBF28F54B0E00B456A0 /* Extensions.swift */ = {isa = PBXFileReference; lastKnownFileType = sourcecode.swift; path = Extensions.swift; sourceTree = "<group>"; };
		E8E9EFC128F54ECA00B456A0 /* lightTheme.json */ = {isa = PBXFileReference; lastKnownFileType = text.json; path = lightTheme.json; sourceTree = "<group>"; };
		E8E9EFD128F5556500B456A0 /* cardlocalisation.json */ = {isa = PBXFileReference; lastKnownFileType = text.json; path = cardlocalisation.json; sourceTree = "<group>"; };
		E8E9EFD528F557D000B456A0 /* darkTheme.json */ = {isa = PBXFileReference; lastKnownFileType = text.json; path = darkTheme.json; sourceTree = "<group>"; };
		E8E9EFDB28F69ACA00B456A0 /* NetworkManager.swift */ = {isa = PBXFileReference; fileEncoding = 4; lastKnownFileType = sourcecode.swift; path = NetworkManager.swift; sourceTree = "<group>"; };
		E8E9EFDD28F69ACA00B456A0 /* TapCardDataConfiguration.swift */ = {isa = PBXFileReference; fileEncoding = 4; lastKnownFileType = sourcecode.swift; path = TapCardDataConfiguration.swift; sourceTree = "<group>"; };
		E8E9EFDE28F69ACA00B456A0 /* TapCardForumLocalisation.swift */ = {isa = PBXFileReference; fileEncoding = 4; lastKnownFileType = sourcecode.swift; path = TapCardForumLocalisation.swift; sourceTree = "<group>"; };
		E8E9EFDF28F69ACA00B456A0 /* CardFieldsValidity.swift */ = {isa = PBXFileReference; fileEncoding = 4; lastKnownFileType = sourcecode.swift; path = CardFieldsValidity.swift; sourceTree = "<group>"; };
		E8E9EFE028F69ACA00B456A0 /* TapCardForumTheme.swift */ = {isa = PBXFileReference; fileEncoding = 4; lastKnownFileType = sourcecode.swift; path = TapCardForumTheme.swift; sourceTree = "<group>"; };
		E8E9EFE228F69ACA00B456A0 /* NetworkManager+HandlingResponses.swift */ = {isa = PBXFileReference; fileEncoding = 4; lastKnownFileType = sourcecode.swift; path = "NetworkManager+HandlingResponses.swift"; sourceTree = "<group>"; };
		E8E9EFE328F69ACA00B456A0 /* NetworkManagerApiCallsExtension.swift */ = {isa = PBXFileReference; fileEncoding = 4; lastKnownFileType = sourcecode.swift; path = NetworkManagerApiCallsExtension.swift; sourceTree = "<group>"; };
		E8E9EFE428F69ACA00B456A0 /* TapCallsResponseGenerator.swift */ = {isa = PBXFileReference; fileEncoding = 4; lastKnownFileType = sourcecode.swift; path = TapCallsResponseGenerator.swift; sourceTree = "<group>"; };
		E8E9EFED28F69B1D00B456A0 /* NetworkManagerExtension.swift */ = {isa = PBXFileReference; fileEncoding = 4; lastKnownFileType = sourcecode.swift; path = NetworkManagerExtension.swift; sourceTree = "<group>"; };
		E8E9EFEE28F69B1D00B456A0 /* TapCheckout+WebPaymentHandler.swift */ = {isa = PBXFileReference; fileEncoding = 4; lastKnownFileType = sourcecode.swift; path = "TapCheckout+WebPaymentHandler.swift"; sourceTree = "<group>"; };
		E8E9EFF228F69C8100B456A0 /* TapCardForumConfiguration.swift */ = {isa = PBXFileReference; fileEncoding = 4; lastKnownFileType = sourcecode.swift; path = TapCardForumConfiguration.swift; sourceTree = "<group>"; };
		E8E9EFF428F69E1700B456A0 /* CardKitConfigurationViewController.swift */ = {isa = PBXFileReference; lastKnownFileType = sourcecode.swift; path = CardKitConfigurationViewController.swift; sourceTree = "<group>"; };
		E8E9EFF728F6AB2F00B456A0 /* CardForm+TextFieldsValidations.swift */ = {isa = PBXFileReference; lastKnownFileType = sourcecode.swift; path = "CardForm+TextFieldsValidations.swift"; sourceTree = "<group>"; };
		E8E9EFFA28F6C46900B456A0 /* CardKitValidationStatusEnum.swift */ = {isa = PBXFileReference; lastKnownFileType = sourcecode.swift; path = CardKitValidationStatusEnum.swift; sourceTree = "<group>"; };
		E8E9EFFC28F6C5BB00B456A0 /* CardForm+Protocol.swift */ = {isa = PBXFileReference; lastKnownFileType = sourcecode.swift; path = "CardForm+Protocol.swift"; sourceTree = "<group>"; };
		E8E9EFFE28F6CABD00B456A0 /* CardForm+Interfaces.swift */ = {isa = PBXFileReference; lastKnownFileType = sourcecode.swift; path = "CardForm+Interfaces.swift"; sourceTree = "<group>"; };
/* End PBXFileReference section */

/* Begin PBXFrameworksBuildPhase section */
		E8E9EF8728F5413300B456A0 /* Frameworks */ = {
			isa = PBXFrameworksBuildPhase;
			buildActionMask = 2147483647;
			files = (
				6750A21B6B05C87D0382B8DE /* Pods_card_mawarid_iOS.framework in Frameworks */,
			);
			runOnlyForDeploymentPostprocessing = 0;
		};
		E8E9EFA228F549B600B456A0 /* Frameworks */ = {
			isa = PBXFrameworksBuildPhase;
			buildActionMask = 2147483647;
			files = (
				E8E9EFBA28F54A7B00B456A0 /* card_mawarid_iOS.framework in Frameworks */,
				E8ECE19D28FFFD1A00B9B9C3 /* BottomSheet in Frameworks */,
				FCC7A63D906FE55991C00D35 /* Pods_MawaridCardExample.framework in Frameworks */,
			);
			runOnlyForDeploymentPostprocessing = 0;
		};
/* End PBXFrameworksBuildPhase section */

/* Begin PBXGroup section */
		A9DCB316F43A2B558391DF1E /* Pods */ = {
			isa = PBXGroup;
			children = (
				CC95800BC35FD603892299E6 /* Pods-MawaridCardExample.debug.xcconfig */,
				4A5F80ECC1F5C9C708237BA5 /* Pods-MawaridCardExample.release.xcconfig */,
				2165346E83CB4F9D6E3C4CED /* Pods-card-mawarid-iOS.debug.xcconfig */,
				0866F76825B9B4FB7AD943BD /* Pods-card-mawarid-iOS.release.xcconfig */,
			);
			path = Pods;
			sourceTree = "<group>";
		};
		E866FB5C2901DB1D00C14E36 /* Models */ = {
			isa = PBXGroup;
			children = (
				E866FB5D2901DB2800C14E36 /* SDKSettings.swift */,
			);
			path = Models;
			sourceTree = "<group>";
		};
		E8E9EF8028F5413300B456A0 = {
			isa = PBXGroup;
			children = (
				E8E9EF8C28F5413300B456A0 /* card-mawarid-iOS */,
				E8E9EFA628F549B600B456A0 /* MawaridCardExample */,
				E8E9EF8B28F5413300B456A0 /* Products */,
				E8E9EFB928F54A7B00B456A0 /* Frameworks */,
				A9DCB316F43A2B558391DF1E /* Pods */,
			);
			sourceTree = "<group>";
		};
		E8E9EF8B28F5413300B456A0 /* Products */ = {
			isa = PBXGroup;
			children = (
				E8E9EF8A28F5413300B456A0 /* card_mawarid_iOS.framework */,
				E8E9EFA528F549B600B456A0 /* MawaridCardExample.app */,
			);
			name = Products;
			sourceTree = "<group>";
		};
		E8E9EF8C28F5413300B456A0 /* card-mawarid-iOS */ = {
			isa = PBXGroup;
			children = (
				E8E9EF9728F5416200B456A0 /* Assets */,
				E8E9EF9628F5415D00B456A0 /* Core */,
				E8E9EF8D28F5413300B456A0 /* card_mawarid_iOS.h */,
				E8E9EF8E28F5413300B456A0 /* card_mawarid_iOS.docc */,
			);
			path = "card-mawarid-iOS";
			sourceTree = "<group>";
		};
		E8E9EF9628F5415D00B456A0 /* Core */ = {
			isa = PBXGroup;
			children = (
				E8E9EFDA28F69ACA00B456A0 /* Network */,
				E8E9EF9928F5416F00B456A0 /* Private */,
				E8E9EF9828F5416900B456A0 /* Public */,
			);
			path = Core;
			sourceTree = "<group>";
		};
		E8E9EF9728F5416200B456A0 /* Assets */ = {
			isa = PBXGroup;
			children = (
				E8E9EF9C28F5419D00B456A0 /* MawaridCardView.xib */,
			);
			path = Assets;
			sourceTree = "<group>";
		};
		E8E9EF9828F5416900B456A0 /* Public */ = {
			isa = PBXGroup;
			children = (
				E8E9EFF928F6C45300B456A0 /* Enums */,
				E8E9EFF128F69C7800B456A0 /* Interfaces */,
				E8E9EF9E28F541A300B456A0 /* Views */,
			);
			path = Public;
			sourceTree = "<group>";
		};
		E8E9EF9928F5416F00B456A0 /* Private */ = {
			isa = PBXGroup;
			children = (
				E866FB5C2901DB1D00C14E36 /* Models */,
				E8E9EFF628F6AB1C00B456A0 /* ViewModels */,
				E8E9EFD728F56CE200B456A0 /* Views */,
				E8E9EFBF28F54B0E00B456A0 /* Extensions.swift */,
				E8E9EFED28F69B1D00B456A0 /* NetworkManagerExtension.swift */,
				E8E9EFEE28F69B1D00B456A0 /* TapCheckout+WebPaymentHandler.swift */,
			);
			path = Private;
			sourceTree = "<group>";
		};
		E8E9EF9E28F541A300B456A0 /* Views */ = {
			isa = PBXGroup;
			children = (
				E8E9EF9A28F5419100B456A0 /* MawaridCardView.swift */,
			);
			path = Views;
			sourceTree = "<group>";
		};
		E8E9EFA628F549B600B456A0 /* MawaridCardExample */ = {
			isa = PBXGroup;
			children = (
				E8E9EFA728F549B600B456A0 /* AppDelegate.swift */,
				E8E9EFA928F549B600B456A0 /* SceneDelegate.swift */,
				E8E9EFAB28F549B600B456A0 /* ViewController.swift */,
				E8E9EFAD28F549B600B456A0 /* Main.storyboard */,
				E8E9EFB028F549B800B456A0 /* Assets.xcassets */,
				E8E9EFB228F549B800B456A0 /* LaunchScreen.storyboard */,
				E8E9EFB528F549B800B456A0 /* Info.plist */,
				E8E9EFC128F54ECA00B456A0 /* lightTheme.json */,
				E8E9EFD128F5556500B456A0 /* cardlocalisation.json */,
				E8E9EFD528F557D000B456A0 /* darkTheme.json */,
				E8E9EFF428F69E1700B456A0 /* CardKitConfigurationViewController.swift */,
			);
			path = MawaridCardExample;
			sourceTree = "<group>";
		};
		E8E9EFB928F54A7B00B456A0 /* Frameworks */ = {
			isa = PBXGroup;
			children = (
				50FB9C34B423A9DB6AA8B888 /* Pods_MawaridCardExample.framework */,
				34A3D31041182ADA411F183A /* Pods_card_mawarid_iOS.framework */,
			);
			name = Frameworks;
			sourceTree = "<group>";
		};
		E8E9EFD728F56CE200B456A0 /* Views */ = {
			isa = PBXGroup;
			children = (
			);
			path = Views;
			sourceTree = "<group>";
		};
		E8E9EFDA28F69ACA00B456A0 /* Network */ = {
			isa = PBXGroup;
			children = (
				E8E9EFDB28F69ACA00B456A0 /* NetworkManager.swift */,
				E8E9EFDC28F69ACA00B456A0 /* Models */,
				E8E9EFE128F69ACA00B456A0 /* ApiCalls */,
				E8E9EFE428F69ACA00B456A0 /* TapCallsResponseGenerator.swift */,
			);
			path = Network;
			sourceTree = "<group>";
		};
		E8E9EFDC28F69ACA00B456A0 /* Models */ = {
			isa = PBXGroup;
			children = (
				E8E9EFDD28F69ACA00B456A0 /* TapCardDataConfiguration.swift */,
				E8E9EFDE28F69ACA00B456A0 /* TapCardForumLocalisation.swift */,
				E8E9EFDF28F69ACA00B456A0 /* CardFieldsValidity.swift */,
				E8E9EFE028F69ACA00B456A0 /* TapCardForumTheme.swift */,
			);
			path = Models;
			sourceTree = "<group>";
		};
		E8E9EFE128F69ACA00B456A0 /* ApiCalls */ = {
			isa = PBXGroup;
			children = (
				E8E9EFE228F69ACA00B456A0 /* NetworkManager+HandlingResponses.swift */,
				E8E9EFE328F69ACA00B456A0 /* NetworkManagerApiCallsExtension.swift */,
			);
			path = ApiCalls;
			sourceTree = "<group>";
		};
		E8E9EFF128F69C7800B456A0 /* Interfaces */ = {
			isa = PBXGroup;
			children = (
				E8E9EFF228F69C8100B456A0 /* TapCardForumConfiguration.swift */,
				E8E9EFFE28F6CABD00B456A0 /* CardForm+Interfaces.swift */,
			);
			path = Interfaces;
			sourceTree = "<group>";
		};
		E8E9EFF628F6AB1C00B456A0 /* ViewModels */ = {
			isa = PBXGroup;
			children = (
				E8E9EFF728F6AB2F00B456A0 /* CardForm+TextFieldsValidations.swift */,
				E8E9EFFC28F6C5BB00B456A0 /* CardForm+Protocol.swift */,
			);
			path = ViewModels;
			sourceTree = "<group>";
		};
		E8E9EFF928F6C45300B456A0 /* Enums */ = {
			isa = PBXGroup;
			children = (
				E8E9EFFA28F6C46900B456A0 /* CardKitValidationStatusEnum.swift */,
			);
			path = Enums;
			sourceTree = "<group>";
		};
/* End PBXGroup section */

/* Begin PBXHeadersBuildPhase section */
		E8E9EF8528F5413300B456A0 /* Headers */ = {
			isa = PBXHeadersBuildPhase;
			buildActionMask = 2147483647;
			files = (
				E8E9EF9028F5413300B456A0 /* card_mawarid_iOS.h in Headers */,
			);
			runOnlyForDeploymentPostprocessing = 0;
		};
/* End PBXHeadersBuildPhase section */

/* Begin PBXNativeTarget section */
		E8E9EF8928F5413300B456A0 /* card-mawarid-iOS */ = {
			isa = PBXNativeTarget;
			buildConfigurationList = E8E9EF9328F5413300B456A0 /* Build configuration list for PBXNativeTarget "card-mawarid-iOS" */;
			buildPhases = (
				CC65C1EE483E28CA1E8D79D6 /* [CP] Check Pods Manifest.lock */,
				E8E9EF8528F5413300B456A0 /* Headers */,
				E8E9EF8628F5413300B456A0 /* Sources */,
				E8E9EF8728F5413300B456A0 /* Frameworks */,
				E8E9EF8828F5413300B456A0 /* Resources */,
			);
			buildRules = (
			);
			dependencies = (
			);
			name = "card-mawarid-iOS";
			productName = "card-mawarid-iOS";
			productReference = E8E9EF8A28F5413300B456A0 /* card_mawarid_iOS.framework */;
			productType = "com.apple.product-type.framework";
		};
		E8E9EFA428F549B600B456A0 /* MawaridCardExample */ = {
			isa = PBXNativeTarget;
			buildConfigurationList = E8E9EFB628F549B800B456A0 /* Build configuration list for PBXNativeTarget "MawaridCardExample" */;
			buildPhases = (
				9F86C209AC1AD522DB6A3AA0 /* [CP] Check Pods Manifest.lock */,
				E8E9EFA128F549B600B456A0 /* Sources */,
				E8E9EFA228F549B600B456A0 /* Frameworks */,
				E8E9EFA328F549B600B456A0 /* Resources */,
				E8E9EFBE28F54A7C00B456A0 /* Embed Frameworks */,
				757BD2E7BF0A5BF6C474FA53 /* [CP] Embed Pods Frameworks */,
			);
			buildRules = (
			);
			dependencies = (
				E8E9EFBD28F54A7B00B456A0 /* PBXTargetDependency */,
			);
			name = MawaridCardExample;
			packageProductDependencies = (
				E8ECE19C28FFFD1A00B9B9C3 /* BottomSheet */,
			);
			productName = MawaridCardExample;
			productReference = E8E9EFA528F549B600B456A0 /* MawaridCardExample.app */;
			productType = "com.apple.product-type.application";
		};
/* End PBXNativeTarget section */

/* Begin PBXProject section */
		E8E9EF8128F5413300B456A0 /* Project object */ = {
			isa = PBXProject;
			attributes = {
				BuildIndependentTargetsInParallel = 1;
				LastSwiftUpdateCheck = 1340;
				LastUpgradeCheck = 1340;
				TargetAttributes = {
					E8E9EF8928F5413300B456A0 = {
						CreatedOnToolsVersion = 13.4.1;
					};
					E8E9EFA428F549B600B456A0 = {
						CreatedOnToolsVersion = 13.4.1;
					};
				};
			};
			buildConfigurationList = E8E9EF8428F5413300B456A0 /* Build configuration list for PBXProject "card-mawarid-iOS" */;
			compatibilityVersion = "Xcode 13.0";
			developmentRegion = en;
			hasScannedForEncodings = 0;
			knownRegions = (
				en,
				Base,
			);
			mainGroup = E8E9EF8028F5413300B456A0;
			packageReferences = (
				E8ECE19B28FFFD1A00B9B9C3 /* XCRemoteSwiftPackageReference "BottomSheet" */,
			);
			productRefGroup = E8E9EF8B28F5413300B456A0 /* Products */;
			projectDirPath = "";
			projectRoot = "";
			targets = (
				E8E9EF8928F5413300B456A0 /* card-mawarid-iOS */,
				E8E9EFA428F549B600B456A0 /* MawaridCardExample */,
			);
		};
/* End PBXProject section */

/* Begin PBXResourcesBuildPhase section */
		E8E9EF8828F5413300B456A0 /* Resources */ = {
			isa = PBXResourcesBuildPhase;
			buildActionMask = 2147483647;
			files = (
				E8E9EF9D28F5419D00B456A0 /* MawaridCardView.xib in Resources */,
			);
			runOnlyForDeploymentPostprocessing = 0;
		};
		E8E9EFA328F549B600B456A0 /* Resources */ = {
			isa = PBXResourcesBuildPhase;
			buildActionMask = 2147483647;
			files = (
				E8E9EFB428F549B800B456A0 /* LaunchScreen.storyboard in Resources */,
				E8E9EFD628F557D000B456A0 /* darkTheme.json in Resources */,
				E8E9EFD228F5556500B456A0 /* cardlocalisation.json in Resources */,
				E8E9EFC228F550AF00B456A0 /* lightTheme.json in Resources */,
				E8E9EFB128F549B800B456A0 /* Assets.xcassets in Resources */,
				E8E9EFAF28F549B600B456A0 /* Main.storyboard in Resources */,
			);
			runOnlyForDeploymentPostprocessing = 0;
		};
/* End PBXResourcesBuildPhase section */

/* Begin PBXShellScriptBuildPhase section */
		757BD2E7BF0A5BF6C474FA53 /* [CP] Embed Pods Frameworks */ = {
			isa = PBXShellScriptBuildPhase;
			buildActionMask = 2147483647;
			files = (
			);
			inputFileListPaths = (
				"${PODS_ROOT}/Target Support Files/Pods-MawaridCardExample/Pods-MawaridCardExample-frameworks-${CONFIGURATION}-input-files.xcfilelist",
			);
			name = "[CP] Embed Pods Frameworks";
			outputFileListPaths = (
				"${PODS_ROOT}/Target Support Files/Pods-MawaridCardExample/Pods-MawaridCardExample-frameworks-${CONFIGURATION}-output-files.xcfilelist",
			);
			runOnlyForDeploymentPostprocessing = 0;
			shellPath = /bin/sh;
			shellScript = "\"${PODS_ROOT}/Target Support Files/Pods-MawaridCardExample/Pods-MawaridCardExample-frameworks.sh\"\n";
			showEnvVarsInLog = 0;
		};
		9F86C209AC1AD522DB6A3AA0 /* [CP] Check Pods Manifest.lock */ = {
			isa = PBXShellScriptBuildPhase;
			buildActionMask = 2147483647;
			files = (
			);
			inputFileListPaths = (
			);
			inputPaths = (
				"${PODS_PODFILE_DIR_PATH}/Podfile.lock",
				"${PODS_ROOT}/Manifest.lock",
			);
			name = "[CP] Check Pods Manifest.lock";
			outputFileListPaths = (
			);
			outputPaths = (
				"$(DERIVED_FILE_DIR)/Pods-MawaridCardExample-checkManifestLockResult.txt",
			);
			runOnlyForDeploymentPostprocessing = 0;
			shellPath = /bin/sh;
			shellScript = "diff \"${PODS_PODFILE_DIR_PATH}/Podfile.lock\" \"${PODS_ROOT}/Manifest.lock\" > /dev/null\nif [ $? != 0 ] ; then\n    # print error to STDERR\n    echo \"error: The sandbox is not in sync with the Podfile.lock. Run 'pod install' or update your CocoaPods installation.\" >&2\n    exit 1\nfi\n# This output is used by Xcode 'outputs' to avoid re-running this script phase.\necho \"SUCCESS\" > \"${SCRIPT_OUTPUT_FILE_0}\"\n";
			showEnvVarsInLog = 0;
		};
		CC65C1EE483E28CA1E8D79D6 /* [CP] Check Pods Manifest.lock */ = {
			isa = PBXShellScriptBuildPhase;
			buildActionMask = 2147483647;
			files = (
			);
			inputFileListPaths = (
			);
			inputPaths = (
				"${PODS_PODFILE_DIR_PATH}/Podfile.lock",
				"${PODS_ROOT}/Manifest.lock",
			);
			name = "[CP] Check Pods Manifest.lock";
			outputFileListPaths = (
			);
			outputPaths = (
				"$(DERIVED_FILE_DIR)/Pods-card-mawarid-iOS-checkManifestLockResult.txt",
			);
			runOnlyForDeploymentPostprocessing = 0;
			shellPath = /bin/sh;
			shellScript = "diff \"${PODS_PODFILE_DIR_PATH}/Podfile.lock\" \"${PODS_ROOT}/Manifest.lock\" > /dev/null\nif [ $? != 0 ] ; then\n    # print error to STDERR\n    echo \"error: The sandbox is not in sync with the Podfile.lock. Run 'pod install' or update your CocoaPods installation.\" >&2\n    exit 1\nfi\n# This output is used by Xcode 'outputs' to avoid re-running this script phase.\necho \"SUCCESS\" > \"${SCRIPT_OUTPUT_FILE_0}\"\n";
			showEnvVarsInLog = 0;
		};
/* End PBXShellScriptBuildPhase section */

/* Begin PBXSourcesBuildPhase section */
		E8E9EF8628F5413300B456A0 /* Sources */ = {
			isa = PBXSourcesBuildPhase;
			buildActionMask = 2147483647;
			files = (
				E8E9EFF328F69C8100B456A0 /* TapCardForumConfiguration.swift in Sources */,
				E8E9EFFF28F6CABD00B456A0 /* CardForm+Interfaces.swift in Sources */,
				E8E9EFEA28F69ACB00B456A0 /* NetworkManager+HandlingResponses.swift in Sources */,
				E866FB5E2901DB2800C14E36 /* SDKSettings.swift in Sources */,
				E8E9EFF028F69B1D00B456A0 /* TapCheckout+WebPaymentHandler.swift in Sources */,
				E8E9EFEC28F69ACB00B456A0 /* TapCallsResponseGenerator.swift in Sources */,
				E8E9EFFD28F6C5BB00B456A0 /* CardForm+Protocol.swift in Sources */,
				E8E9EFEF28F69B1D00B456A0 /* NetworkManagerExtension.swift in Sources */,
				E8E9EFE528F69ACB00B456A0 /* NetworkManager.swift in Sources */,
				E8E9EFFB28F6C46900B456A0 /* CardKitValidationStatusEnum.swift in Sources */,
				E8E9EFE828F69ACB00B456A0 /* CardFieldsValidity.swift in Sources */,
				E8E9EF9B28F5419200B456A0 /* MawaridCardView.swift in Sources */,
				E8E9EFE628F69ACB00B456A0 /* TapCardDataConfiguration.swift in Sources */,
				E8E9EFEB28F69ACB00B456A0 /* NetworkManagerApiCallsExtension.swift in Sources */,
				E8E9EFC028F54B0E00B456A0 /* Extensions.swift in Sources */,
				E8E9EFE928F69ACB00B456A0 /* TapCardForumTheme.swift in Sources */,
				E8E9EF8F28F5413300B456A0 /* card_mawarid_iOS.docc in Sources */,
				E8E9EFE728F69ACB00B456A0 /* TapCardForumLocalisation.swift in Sources */,
				E8E9EFF828F6AB2F00B456A0 /* CardForm+TextFieldsValidations.swift in Sources */,
			);
			runOnlyForDeploymentPostprocessing = 0;
		};
		E8E9EFA128F549B600B456A0 /* Sources */ = {
			isa = PBXSourcesBuildPhase;
			buildActionMask = 2147483647;
			files = (
				E8E9EFF528F69E1700B456A0 /* CardKitConfigurationViewController.swift in Sources */,
				E8E9EFAC28F549B600B456A0 /* ViewController.swift in Sources */,
				E8E9EFA828F549B600B456A0 /* AppDelegate.swift in Sources */,
				E8E9EFAA28F549B600B456A0 /* SceneDelegate.swift in Sources */,
			);
			runOnlyForDeploymentPostprocessing = 0;
		};
/* End PBXSourcesBuildPhase section */

/* Begin PBXTargetDependency section */
		E8E9EFBD28F54A7B00B456A0 /* PBXTargetDependency */ = {
			isa = PBXTargetDependency;
			platformFilter = ios;
			target = E8E9EF8928F5413300B456A0 /* card-mawarid-iOS */;
			targetProxy = E8E9EFBC28F54A7B00B456A0 /* PBXContainerItemProxy */;
		};
/* End PBXTargetDependency section */

/* Begin PBXVariantGroup section */
		E8E9EFAD28F549B600B456A0 /* Main.storyboard */ = {
			isa = PBXVariantGroup;
			children = (
				E8E9EFAE28F549B600B456A0 /* Base */,
			);
			name = Main.storyboard;
			sourceTree = "<group>";
		};
		E8E9EFB228F549B800B456A0 /* LaunchScreen.storyboard */ = {
			isa = PBXVariantGroup;
			children = (
				E8E9EFB328F549B800B456A0 /* Base */,
			);
			name = LaunchScreen.storyboard;
			sourceTree = "<group>";
		};
/* End PBXVariantGroup section */

/* Begin XCBuildConfiguration section */
		E8E9EF9128F5413300B456A0 /* Debug */ = {
			isa = XCBuildConfiguration;
			buildSettings = {
				ALWAYS_SEARCH_USER_PATHS = NO;
				CLANG_ANALYZER_NONNULL = YES;
				CLANG_ANALYZER_NUMBER_OBJECT_CONVERSION = YES_AGGRESSIVE;
				CLANG_CXX_LANGUAGE_STANDARD = "gnu++17";
				CLANG_ENABLE_MODULES = YES;
				CLANG_ENABLE_OBJC_ARC = YES;
				CLANG_ENABLE_OBJC_WEAK = YES;
				CLANG_WARN_BLOCK_CAPTURE_AUTORELEASING = YES;
				CLANG_WARN_BOOL_CONVERSION = YES;
				CLANG_WARN_COMMA = YES;
				CLANG_WARN_CONSTANT_CONVERSION = YES;
				CLANG_WARN_DEPRECATED_OBJC_IMPLEMENTATIONS = YES;
				CLANG_WARN_DIRECT_OBJC_ISA_USAGE = YES_ERROR;
				CLANG_WARN_DOCUMENTATION_COMMENTS = YES;
				CLANG_WARN_EMPTY_BODY = YES;
				CLANG_WARN_ENUM_CONVERSION = YES;
				CLANG_WARN_INFINITE_RECURSION = YES;
				CLANG_WARN_INT_CONVERSION = YES;
				CLANG_WARN_NON_LITERAL_NULL_CONVERSION = YES;
				CLANG_WARN_OBJC_IMPLICIT_RETAIN_SELF = YES;
				CLANG_WARN_OBJC_LITERAL_CONVERSION = YES;
				CLANG_WARN_OBJC_ROOT_CLASS = YES_ERROR;
				CLANG_WARN_QUOTED_INCLUDE_IN_FRAMEWORK_HEADER = YES;
				CLANG_WARN_RANGE_LOOP_ANALYSIS = YES;
				CLANG_WARN_STRICT_PROTOTYPES = YES;
				CLANG_WARN_SUSPICIOUS_MOVE = YES;
				CLANG_WARN_UNGUARDED_AVAILABILITY = YES_AGGRESSIVE;
				CLANG_WARN_UNREACHABLE_CODE = YES;
				CLANG_WARN__DUPLICATE_METHOD_MATCH = YES;
				COPY_PHASE_STRIP = NO;
				CURRENT_PROJECT_VERSION = 1;
				DEBUG_INFORMATION_FORMAT = dwarf;
				ENABLE_STRICT_OBJC_MSGSEND = YES;
				ENABLE_TESTABILITY = YES;
				GCC_C_LANGUAGE_STANDARD = gnu11;
				GCC_DYNAMIC_NO_PIC = NO;
				GCC_NO_COMMON_BLOCKS = YES;
				GCC_OPTIMIZATION_LEVEL = 0;
				GCC_PREPROCESSOR_DEFINITIONS = (
					"DEBUG=1",
					"$(inherited)",
				);
				GCC_WARN_64_TO_32_BIT_CONVERSION = YES;
				GCC_WARN_ABOUT_RETURN_TYPE = YES_ERROR;
				GCC_WARN_UNDECLARED_SELECTOR = YES;
				GCC_WARN_UNINITIALIZED_AUTOS = YES_AGGRESSIVE;
				GCC_WARN_UNUSED_FUNCTION = YES;
				GCC_WARN_UNUSED_VARIABLE = YES;
				IPHONEOS_DEPLOYMENT_TARGET = 13.0;
				MTL_ENABLE_DEBUG_INFO = INCLUDE_SOURCE;
				MTL_FAST_MATH = YES;
				ONLY_ACTIVE_ARCH = YES;
				SDKROOT = iphoneos;
				SWIFT_ACTIVE_COMPILATION_CONDITIONS = DEBUG;
				SWIFT_OPTIMIZATION_LEVEL = "-Onone";
				VERSIONING_SYSTEM = "apple-generic";
				VERSION_INFO_PREFIX = "";
			};
			name = Debug;
		};
		E8E9EF9228F5413300B456A0 /* Release */ = {
			isa = XCBuildConfiguration;
			buildSettings = {
				ALWAYS_SEARCH_USER_PATHS = NO;
				CLANG_ANALYZER_NONNULL = YES;
				CLANG_ANALYZER_NUMBER_OBJECT_CONVERSION = YES_AGGRESSIVE;
				CLANG_CXX_LANGUAGE_STANDARD = "gnu++17";
				CLANG_ENABLE_MODULES = YES;
				CLANG_ENABLE_OBJC_ARC = YES;
				CLANG_ENABLE_OBJC_WEAK = YES;
				CLANG_WARN_BLOCK_CAPTURE_AUTORELEASING = YES;
				CLANG_WARN_BOOL_CONVERSION = YES;
				CLANG_WARN_COMMA = YES;
				CLANG_WARN_CONSTANT_CONVERSION = YES;
				CLANG_WARN_DEPRECATED_OBJC_IMPLEMENTATIONS = YES;
				CLANG_WARN_DIRECT_OBJC_ISA_USAGE = YES_ERROR;
				CLANG_WARN_DOCUMENTATION_COMMENTS = YES;
				CLANG_WARN_EMPTY_BODY = YES;
				CLANG_WARN_ENUM_CONVERSION = YES;
				CLANG_WARN_INFINITE_RECURSION = YES;
				CLANG_WARN_INT_CONVERSION = YES;
				CLANG_WARN_NON_LITERAL_NULL_CONVERSION = YES;
				CLANG_WARN_OBJC_IMPLICIT_RETAIN_SELF = YES;
				CLANG_WARN_OBJC_LITERAL_CONVERSION = YES;
				CLANG_WARN_OBJC_ROOT_CLASS = YES_ERROR;
				CLANG_WARN_QUOTED_INCLUDE_IN_FRAMEWORK_HEADER = YES;
				CLANG_WARN_RANGE_LOOP_ANALYSIS = YES;
				CLANG_WARN_STRICT_PROTOTYPES = YES;
				CLANG_WARN_SUSPICIOUS_MOVE = YES;
				CLANG_WARN_UNGUARDED_AVAILABILITY = YES_AGGRESSIVE;
				CLANG_WARN_UNREACHABLE_CODE = YES;
				CLANG_WARN__DUPLICATE_METHOD_MATCH = YES;
				COPY_PHASE_STRIP = NO;
				CURRENT_PROJECT_VERSION = 1;
				DEBUG_INFORMATION_FORMAT = "dwarf-with-dsym";
				ENABLE_NS_ASSERTIONS = NO;
				ENABLE_STRICT_OBJC_MSGSEND = YES;
				GCC_C_LANGUAGE_STANDARD = gnu11;
				GCC_NO_COMMON_BLOCKS = YES;
				GCC_WARN_64_TO_32_BIT_CONVERSION = YES;
				GCC_WARN_ABOUT_RETURN_TYPE = YES_ERROR;
				GCC_WARN_UNDECLARED_SELECTOR = YES;
				GCC_WARN_UNINITIALIZED_AUTOS = YES_AGGRESSIVE;
				GCC_WARN_UNUSED_FUNCTION = YES;
				GCC_WARN_UNUSED_VARIABLE = YES;
				IPHONEOS_DEPLOYMENT_TARGET = 13.0;
				MTL_ENABLE_DEBUG_INFO = NO;
				MTL_FAST_MATH = YES;
				SDKROOT = iphoneos;
				SWIFT_COMPILATION_MODE = wholemodule;
				SWIFT_OPTIMIZATION_LEVEL = "-O";
				VALIDATE_PRODUCT = YES;
				VERSIONING_SYSTEM = "apple-generic";
				VERSION_INFO_PREFIX = "";
			};
			name = Release;
		};
		E8E9EF9428F5413300B456A0 /* Debug */ = {
			isa = XCBuildConfiguration;
			baseConfigurationReference = 2165346E83CB4F9D6E3C4CED /* Pods-card-mawarid-iOS.debug.xcconfig */;
			buildSettings = {
				CODE_SIGN_STYLE = Automatic;
				CURRENT_PROJECT_VERSION = 1;
				DEFINES_MODULE = YES;
				DEVELOPMENT_TEAM = G46S76PUH4;
				DYLIB_COMPATIBILITY_VERSION = 1;
				DYLIB_CURRENT_VERSION = 1;
				DYLIB_INSTALL_NAME_BASE = "@rpath";
				GENERATE_INFOPLIST_FILE = YES;
				INFOPLIST_KEY_NSHumanReadableCopyright = "";
				INSTALL_PATH = "$(LOCAL_LIBRARY_DIR)/Frameworks";
				IPHONEOS_DEPLOYMENT_TARGET = 13.0;
				LD_RUNPATH_SEARCH_PATHS = (
					"$(inherited)",
					"@executable_path/Frameworks",
					"@loader_path/Frameworks",
				);
				MARKETING_VERSION = 1.0;
				PRODUCT_BUNDLE_IDENTIFIER = "tap.company.card-mawarid-iOS";
				PRODUCT_NAME = "$(TARGET_NAME:c99extidentifier)";
				SKIP_INSTALL = YES;
				SUPPORTS_MACCATALYST = NO;
				SWIFT_EMIT_LOC_STRINGS = YES;
				SWIFT_VERSION = 5.0;
				TARGETED_DEVICE_FAMILY = 1;
			};
			name = Debug;
		};
		E8E9EF9528F5413300B456A0 /* Release */ = {
			isa = XCBuildConfiguration;
			baseConfigurationReference = 0866F76825B9B4FB7AD943BD /* Pods-card-mawarid-iOS.release.xcconfig */;
			buildSettings = {
				CODE_SIGN_STYLE = Automatic;
				CURRENT_PROJECT_VERSION = 1;
				DEFINES_MODULE = YES;
				DEVELOPMENT_TEAM = G46S76PUH4;
				DYLIB_COMPATIBILITY_VERSION = 1;
				DYLIB_CURRENT_VERSION = 1;
				DYLIB_INSTALL_NAME_BASE = "@rpath";
				GENERATE_INFOPLIST_FILE = YES;
				INFOPLIST_KEY_NSHumanReadableCopyright = "";
				INSTALL_PATH = "$(LOCAL_LIBRARY_DIR)/Frameworks";
				IPHONEOS_DEPLOYMENT_TARGET = 13.0;
				LD_RUNPATH_SEARCH_PATHS = (
					"$(inherited)",
					"@executable_path/Frameworks",
					"@loader_path/Frameworks",
				);
				MARKETING_VERSION = 1.0;
				PRODUCT_BUNDLE_IDENTIFIER = "tap.company.card-mawarid-iOS";
				PRODUCT_NAME = "$(TARGET_NAME:c99extidentifier)";
				SKIP_INSTALL = YES;
				SUPPORTS_MACCATALYST = NO;
				SWIFT_EMIT_LOC_STRINGS = YES;
				SWIFT_VERSION = 5.0;
				TARGETED_DEVICE_FAMILY = 1;
			};
			name = Release;
		};
		E8E9EFB728F549B800B456A0 /* Debug */ = {
			isa = XCBuildConfiguration;
			baseConfigurationReference = CC95800BC35FD603892299E6 /* Pods-MawaridCardExample.debug.xcconfig */;
			buildSettings = {
				ASSETCATALOG_COMPILER_APPICON_NAME = AppIcon;
				ASSETCATALOG_COMPILER_GLOBAL_ACCENT_COLOR_NAME = AccentColor;
				CODE_SIGN_STYLE = Automatic;
				CURRENT_PROJECT_VERSION = 1;
				DEVELOPMENT_TEAM = G46S76PUH4;
				GENERATE_INFOPLIST_FILE = YES;
				INFOPLIST_FILE = MawaridCardExample/Info.plist;
				INFOPLIST_KEY_UIApplicationSupportsIndirectInputEvents = YES;
				INFOPLIST_KEY_UILaunchStoryboardName = LaunchScreen;
				INFOPLIST_KEY_UIMainStoryboardFile = Main;
				INFOPLIST_KEY_UISupportedInterfaceOrientations_iPad = "UIInterfaceOrientationPortrait UIInterfaceOrientationPortraitUpsideDown UIInterfaceOrientationLandscapeLeft UIInterfaceOrientationLandscapeRight";
				INFOPLIST_KEY_UISupportedInterfaceOrientations_iPhone = "UIInterfaceOrientationPortrait UIInterfaceOrientationLandscapeLeft UIInterfaceOrientationLandscapeRight";
				IPHONEOS_DEPLOYMENT_TARGET = 15.5;
				LD_RUNPATH_SEARCH_PATHS = (
					"$(inherited)",
					"@executable_path/Frameworks",
				);
				MARKETING_VERSION = 1.0;
				PRODUCT_BUNDLE_IDENTIFIER = tap.company.MawaridCardExample;
				PRODUCT_NAME = "$(TARGET_NAME)";
				SWIFT_EMIT_LOC_STRINGS = YES;
				SWIFT_VERSION = 5.0;
				TARGETED_DEVICE_FAMILY = "1,2";
			};
			name = Debug;
		};
		E8E9EFB828F549B800B456A0 /* Release */ = {
			isa = XCBuildConfiguration;
			baseConfigurationReference = 4A5F80ECC1F5C9C708237BA5 /* Pods-MawaridCardExample.release.xcconfig */;
			buildSettings = {
				ASSETCATALOG_COMPILER_APPICON_NAME = AppIcon;
				ASSETCATALOG_COMPILER_GLOBAL_ACCENT_COLOR_NAME = AccentColor;
				CODE_SIGN_STYLE = Automatic;
				CURRENT_PROJECT_VERSION = 1;
				DEVELOPMENT_TEAM = G46S76PUH4;
				GENERATE_INFOPLIST_FILE = YES;
				INFOPLIST_FILE = MawaridCardExample/Info.plist;
				INFOPLIST_KEY_UIApplicationSupportsIndirectInputEvents = YES;
				INFOPLIST_KEY_UILaunchStoryboardName = LaunchScreen;
				INFOPLIST_KEY_UIMainStoryboardFile = Main;
				INFOPLIST_KEY_UISupportedInterfaceOrientations_iPad = "UIInterfaceOrientationPortrait UIInterfaceOrientationPortraitUpsideDown UIInterfaceOrientationLandscapeLeft UIInterfaceOrientationLandscapeRight";
				INFOPLIST_KEY_UISupportedInterfaceOrientations_iPhone = "UIInterfaceOrientationPortrait UIInterfaceOrientationLandscapeLeft UIInterfaceOrientationLandscapeRight";
				IPHONEOS_DEPLOYMENT_TARGET = 15.5;
				LD_RUNPATH_SEARCH_PATHS = (
					"$(inherited)",
					"@executable_path/Frameworks",
				);
				MARKETING_VERSION = 1.0;
				PRODUCT_BUNDLE_IDENTIFIER = tap.company.MawaridCardExample;
				PRODUCT_NAME = "$(TARGET_NAME)";
				SWIFT_EMIT_LOC_STRINGS = YES;
				SWIFT_VERSION = 5.0;
				TARGETED_DEVICE_FAMILY = "1,2";
			};
			name = Release;
		};
/* End XCBuildConfiguration section */

/* Begin XCConfigurationList section */
		E8E9EF8428F5413300B456A0 /* Build configuration list for PBXProject "card-mawarid-iOS" */ = {
			isa = XCConfigurationList;
			buildConfigurations = (
				E8E9EF9128F5413300B456A0 /* Debug */,
				E8E9EF9228F5413300B456A0 /* Release */,
			);
			defaultConfigurationIsVisible = 0;
			defaultConfigurationName = Release;
		};
		E8E9EF9328F5413300B456A0 /* Build configuration list for PBXNativeTarget "card-mawarid-iOS" */ = {
			isa = XCConfigurationList;
			buildConfigurations = (
				E8E9EF9428F5413300B456A0 /* Debug */,
				E8E9EF9528F5413300B456A0 /* Release */,
			);
			defaultConfigurationIsVisible = 0;
			defaultConfigurationName = Release;
		};
		E8E9EFB628F549B800B456A0 /* Build configuration list for PBXNativeTarget "MawaridCardExample" */ = {
			isa = XCConfigurationList;
			buildConfigurations = (
				E8E9EFB728F549B800B456A0 /* Debug */,
				E8E9EFB828F549B800B456A0 /* Release */,
			);
			defaultConfigurationIsVisible = 0;
			defaultConfigurationName = Release;
		};
/* End XCConfigurationList section */

/* Begin XCRemoteSwiftPackageReference section */
		E8ECE19B28FFFD1A00B9B9C3 /* XCRemoteSwiftPackageReference "BottomSheet" */ = {
			isa = XCRemoteSwiftPackageReference;
			repositoryURL = "https://github.com/joomcode/BottomSheet";
			requirement = {
				branch = main;
				kind = branch;
			};
		};
/* End XCRemoteSwiftPackageReference section */

/* Begin XCSwiftPackageProductDependency section */
		E8ECE19C28FFFD1A00B9B9C3 /* BottomSheet */ = {
			isa = XCSwiftPackageProductDependency;
			package = E8ECE19B28FFFD1A00B9B9C3 /* XCRemoteSwiftPackageReference "BottomSheet" */;
			productName = BottomSheet;
		};
/* End XCSwiftPackageProductDependency section */
	};
	rootObject = E8E9EF8128F5413300B456A0 /* Project object */;
}
