{
  "pins" : [
    {
      "identity" : "bottomsheet",
      "kind" : "remoteSourceControl",
      "location" : "https://github.com/joomcode/BottomSheet",
      "state" : {
        "branch" : "main",
        "revision" : "2397f22fa1828169dbb233a9ad9d83ed72b6a236"
      }
    }
  ],
  "version" : 2
}
